// !$*UTF8*$!
{
	archiveVersion = 1;
	classes = {
	};
	objectVersion = 50;
	objects = {

/* Begin PBXBuildFile section */
		045E37E82595D72E0003A4A9 /* UIView+Extension.swift in Sources */ = {isa = PBXBuildFile; fileRef = 045E37E72595D72E0003A4A9 /* UIView+Extension.swift */; };
		0462571A2592D5DC00428DA5 /* SecondViewTransitionVC.swift in Sources */ = {isa = PBXBuildFile; fileRef = 046257192592D5DC00428DA5 /* SecondViewTransitionVC.swift */; };
		04625721259324EF00428DA5 /* CollectionViewFlowLayoutVC.swift in Sources */ = {isa = PBXBuildFile; fileRef = 04625720259324EF00428DA5 /* CollectionViewFlowLayoutVC.swift */; };
		0462572C259342E500428DA5 /* BasicCollectionViewController.swift in Sources */ = {isa = PBXBuildFile; fileRef = 0462572B259342E500428DA5 /* BasicCollectionViewController.swift */; };
		04646CC92590A0E7007FFED3 /* AppDelegate.swift in Sources */ = {isa = PBXBuildFile; fileRef = 04646CC82590A0E7007FFED3 /* AppDelegate.swift */; };
		04646CCB2590A0E7007FFED3 /* SceneDelegate.swift in Sources */ = {isa = PBXBuildFile; fileRef = 04646CCA2590A0E7007FFED3 /* SceneDelegate.swift */; };
		04646CD02590A0E7007FFED3 /* Main.storyboard in Resources */ = {isa = PBXBuildFile; fileRef = 04646CCE2590A0E7007FFED3 /* Main.storyboard */; };
		04646CD22590A0EA007FFED3 /* Assets.xcassets in Resources */ = {isa = PBXBuildFile; fileRef = 04646CD12590A0EA007FFED3 /* Assets.xcassets */; };
		04646CD52590A0EA007FFED3 /* LaunchScreen.storyboard in Resources */ = {isa = PBXBuildFile; fileRef = 04646CD32590A0EA007FFED3 /* LaunchScreen.storyboard */; };
		04646CDE2590A107007FFED3 /* HomeTableViewController.swift in Sources */ = {isa = PBXBuildFile; fileRef = 04646CDD2590A107007FFED3 /* HomeTableViewController.swift */; };
		04646CE22590ADDD007FFED3 /* ViewTransitionVC.swift in Sources */ = {isa = PBXBuildFile; fileRef = 04646CE12590ADDD007FFED3 /* ViewTransitionVC.swift */; };
		0467BFF7259B29D70099A414 /* Transform3DViewController.swift in Sources */ = {isa = PBXBuildFile; fileRef = 0467BFF6259B29D70099A414 /* Transform3DViewController.swift */; };
/* End PBXBuildFile section */

/* Begin PBXFileReference section */
		045E37E72595D72E0003A4A9 /* UIView+Extension.swift */ = {isa = PBXFileReference; lastKnownFileType = sourcecode.swift; path = "UIView+Extension.swift"; sourceTree = "<group>"; };
		046257192592D5DC00428DA5 /* SecondViewTransitionVC.swift */ = {isa = PBXFileReference; lastKnownFileType = sourcecode.swift; path = SecondViewTransitionVC.swift; sourceTree = "<group>"; };
		04625720259324EF00428DA5 /* CollectionViewFlowLayoutVC.swift */ = {isa = PBXFileReference; lastKnownFileType = sourcecode.swift; path = CollectionViewFlowLayoutVC.swift; sourceTree = "<group>"; };
		0462572B259342E500428DA5 /* BasicCollectionViewController.swift */ = {isa = PBXFileReference; lastKnownFileType = sourcecode.swift; path = BasicCollectionViewController.swift; sourceTree = "<group>"; };
		04646CC52590A0E7007FFED3 /* SwiftFunctions.app */ = {isa = PBXFileReference; explicitFileType = wrapper.application; includeInIndex = 0; path = SwiftFunctions.app; sourceTree = BUILT_PRODUCTS_DIR; };
		04646CC82590A0E7007FFED3 /* AppDelegate.swift */ = {isa = PBXFileReference; lastKnownFileType = sourcecode.swift; path = AppDelegate.swift; sourceTree = "<group>"; };
		04646CCA2590A0E7007FFED3 /* SceneDelegate.swift */ = {isa = PBXFileReference; lastKnownFileType = sourcecode.swift; path = SceneDelegate.swift; sourceTree = "<group>"; };
		04646CCF2590A0E7007FFED3 /* Base */ = {isa = PBXFileReference; lastKnownFileType = file.storyboard; name = Base; path = Base.lproj/Main.storyboard; sourceTree = "<group>"; };
		04646CD12590A0EA007FFED3 /* Assets.xcassets */ = {isa = PBXFileReference; lastKnownFileType = folder.assetcatalog; path = Assets.xcassets; sourceTree = "<group>"; };
		04646CD42590A0EA007FFED3 /* Base */ = {isa = PBXFileReference; lastKnownFileType = file.storyboard; name = Base; path = Base.lproj/LaunchScreen.storyboard; sourceTree = "<group>"; };
		04646CD62590A0EA007FFED3 /* Info.plist */ = {isa = PBXFileReference; lastKnownFileType = text.plist.xml; path = Info.plist; sourceTree = "<group>"; };
		04646CDD2590A107007FFED3 /* HomeTableViewController.swift */ = {isa = PBXFileReference; lastKnownFileType = sourcecode.swift; path = HomeTableViewController.swift; sourceTree = "<group>"; };
		04646CE12590ADDD007FFED3 /* ViewTransitionVC.swift */ = {isa = PBXFileReference; lastKnownFileType = sourcecode.swift; path = ViewTransitionVC.swift; sourceTree = "<group>"; };
		0467BFF6259B29D70099A414 /* Transform3DViewController.swift */ = {isa = PBXFileReference; lastKnownFileType = sourcecode.swift; path = Transform3DViewController.swift; sourceTree = "<group>"; };
/* End PBXFileReference section */

/* Begin PBXFrameworksBuildPhase section */
		04646CC22590A0E7007FFED3 /* Frameworks */ = {
			isa = PBXFrameworksBuildPhase;
			buildActionMask = 2147483647;
			files = (
			);
			runOnlyForDeploymentPostprocessing = 0;
		};
/* End PBXFrameworksBuildPhase section */

/* Begin PBXGroup section */
		04646CBC2590A0E7007FFED3 = {
			isa = PBXGroup;
			children = (
				04646CC72590A0E7007FFED3 /* SwiftFunctions */,
				04646CC62590A0E7007FFED3 /* Products */,
			);
			sourceTree = "<group>";
		};
		04646CC62590A0E7007FFED3 /* Products */ = {
			isa = PBXGroup;
			children = (
				04646CC52590A0E7007FFED3 /* SwiftFunctions.app */,
			);
			name = Products;
			sourceTree = "<group>";
		};
		04646CC72590A0E7007FFED3 /* SwiftFunctions */ = {
			isa = PBXGroup;
			children = (
				04646CC82590A0E7007FFED3 /* AppDelegate.swift */,
				04646CCA2590A0E7007FFED3 /* SceneDelegate.swift */,
				04646CDD2590A107007FFED3 /* HomeTableViewController.swift */,
				04646CE12590ADDD007FFED3 /* ViewTransitionVC.swift */,
				046257192592D5DC00428DA5 /* SecondViewTransitionVC.swift */,
				04625720259324EF00428DA5 /* CollectionViewFlowLayoutVC.swift */,
				0462572B259342E500428DA5 /* BasicCollectionViewController.swift */,
				0467BFF6259B29D70099A414 /* Transform3DViewController.swift */,
				045E37E72595D72E0003A4A9 /* UIView+Extension.swift */,
				04646CCE2590A0E7007FFED3 /* Main.storyboard */,
				04646CD12590A0EA007FFED3 /* Assets.xcassets */,
				04646CD32590A0EA007FFED3 /* LaunchScreen.storyboard */,
				04646CD62590A0EA007FFED3 /* Info.plist */,
			);
			path = SwiftFunctions;
			sourceTree = "<group>";
		};
/* End PBXGroup section */

/* Begin PBXNativeTarget section */
		04646CC42590A0E7007FFED3 /* SwiftFunctions */ = {
			isa = PBXNativeTarget;
			buildConfigurationList = 04646CD92590A0EA007FFED3 /* Build configuration list for PBXNativeTarget "SwiftFunctions" */;
			buildPhases = (
				04646CC12590A0E7007FFED3 /* Sources */,
				04646CC22590A0E7007FFED3 /* Frameworks */,
				04646CC32590A0E7007FFED3 /* Resources */,
			);
			buildRules = (
			);
			dependencies = (
			);
			name = SwiftFunctions;
			productName = SwiftFunctions;
			productReference = 04646CC52590A0E7007FFED3 /* SwiftFunctions.app */;
			productType = "com.apple.product-type.application";
		};
/* End PBXNativeTarget section */

/* Begin PBXProject section */
		04646CBD2590A0E7007FFED3 /* Project object */ = {
			isa = PBXProject;
			attributes = {
				LastSwiftUpdateCheck = 1210;
				LastUpgradeCheck = 1210;
				TargetAttributes = {
					04646CC42590A0E7007FFED3 = {
						CreatedOnToolsVersion = 12.1;
					};
				};
			};
			buildConfigurationList = 04646CC02590A0E7007FFED3 /* Build configuration list for PBXProject "SwiftFunctions" */;
			compatibilityVersion = "Xcode 9.3";
			developmentRegion = en;
			hasScannedForEncodings = 0;
			knownRegions = (
				en,
				Base,
			);
			mainGroup = 04646CBC2590A0E7007FFED3;
			productRefGroup = 04646CC62590A0E7007FFED3 /* Products */;
			projectDirPath = "";
			projectRoot = "";
			targets = (
				04646CC42590A0E7007FFED3 /* SwiftFunctions */,
			);
		};
/* End PBXProject section */

/* Begin PBXResourcesBuildPhase section */
		04646CC32590A0E7007FFED3 /* Resources */ = {
			isa = PBXResourcesBuildPhase;
			buildActionMask = 2147483647;
			files = (
				04646CD52590A0EA007FFED3 /* LaunchScreen.storyboard in Resources */,
				04646CD22590A0EA007FFED3 /* Assets.xcassets in Resources */,
				04646CD02590A0E7007FFED3 /* Main.storyboard in Resources */,
			);
			runOnlyForDeploymentPostprocessing = 0;
		};
/* End PBXResourcesBuildPhase section */

/* Begin PBXSourcesBuildPhase section */
		04646CC12590A0E7007FFED3 /* Sources */ = {
			isa = PBXSourcesBuildPhase;
			buildActionMask = 2147483647;
			files = (
				04646CE22590ADDD007FFED3 /* ViewTransitionVC.swift in Sources */,
				0467BFF7259B29D70099A414 /* Transform3DViewController.swift in Sources */,
				0462571A2592D5DC00428DA5 /* SecondViewTransitionVC.swift in Sources */,
				045E37E82595D72E0003A4A9 /* UIView+Extension.swift in Sources */,
				04646CDE2590A107007FFED3 /* HomeTableViewController.swift in Sources */,
				04646CC92590A0E7007FFED3 /* AppDelegate.swift in Sources */,
				04625721259324EF00428DA5 /* CollectionViewFlowLayoutVC.swift in Sources */,
				0462572C259342E500428DA5 /* BasicCollectionViewController.swift in Sources */,
				04646CCB2590A0E7007FFED3 /* SceneDelegate.swift in Sources */,
			);
			runOnlyForDeploymentPostprocessing = 0;
		};
/* End PBXSourcesBuildPhase section */

/* Begin PBXVariantGroup section */
		04646CCE2590A0E7007FFED3 /* Main.storyboard */ = {
			isa = PBXVariantGroup;
			children = (
				04646CCF2590A0E7007FFED3 /* Base */,
			);
			name = Main.storyboard;
			sourceTree = "<group>";
		};
		04646CD32590A0EA007FFED3 /* LaunchScreen.storyboard */ = {
			isa = PBXVariantGroup;
			children = (
				04646CD42590A0EA007FFED3 /* Base */,
			);
			name = LaunchScreen.storyboard;
			sourceTree = "<group>";
		};
/* End PBXVariantGroup section */

/* Begin XCBuildConfiguration section */
		04646CD72590A0EA007FFED3 /* Debug */ = {
			isa = XCBuildConfiguration;
			buildSettings = {
				ALWAYS_SEARCH_USER_PATHS = NO;
				CLANG_ANALYZER_NONNULL = YES;
				CLANG_ANALYZER_NUMBER_OBJECT_CONVERSION = YES_AGGRESSIVE;
				CLANG_CXX_LANGUAGE_STANDARD = "gnu++14";
				CLANG_CXX_LIBRARY = "libc++";
				CLANG_ENABLE_MODULES = YES;
				CLANG_ENABLE_OBJC_ARC = YES;
				CLANG_ENABLE_OBJC_WEAK = YES;
				CLANG_WARN_BLOCK_CAPTURE_AUTORELEASING = YES;
				CLANG_WARN_BOOL_CONVERSION = YES;
				CLANG_WARN_COMMA = YES;
				CLANG_WARN_CONSTANT_CONVERSION = YES;
				CLANG_WARN_DEPRECATED_OBJC_IMPLEMENTATIONS = YES;
				CLANG_WARN_DIRECT_OBJC_ISA_USAGE = YES_ERROR;
				CLANG_WARN_DOCUMENTATION_COMMENTS = YES;
				CLANG_WARN_EMPTY_BODY = YES;
				CLANG_WARN_ENUM_CONVERSION = YES;
				CLANG_WARN_INFINITE_RECURSION = YES;
				CLANG_WARN_INT_CONVERSION = YES;
				CLANG_WARN_NON_LITERAL_NULL_CONVERSION = YES;
				CLANG_WARN_OBJC_IMPLICIT_RETAIN_SELF = YES;
				CLANG_WARN_OBJC_LITERAL_CONVERSION = YES;
				CLANG_WARN_OBJC_ROOT_CLASS = YES_ERROR;
				CLANG_WARN_QUOTED_INCLUDE_IN_FRAMEWORK_HEADER = YES;
				CLANG_WARN_RANGE_LOOP_ANALYSIS = YES;
				CLANG_WARN_STRICT_PROTOTYPES = YES;
				CLANG_WARN_SUSPICIOUS_MOVE = YES;
				CLANG_WARN_UNGUARDED_AVAILABILITY = YES_AGGRESSIVE;
				CLANG_WARN_UNREACHABLE_CODE = YES;
				CLANG_WARN__DUPLICATE_METHOD_MATCH = YES;
				COPY_PHASE_STRIP = NO;
				DEBUG_INFORMATION_FORMAT = dwarf;
				ENABLE_STRICT_OBJC_MSGSEND = YES;
				ENABLE_TESTABILITY = YES;
				GCC_C_LANGUAGE_STANDARD = gnu11;
				GCC_DYNAMIC_NO_PIC = NO;
				GCC_NO_COMMON_BLOCKS = YES;
				GCC_OPTIMIZATION_LEVEL = 0;
				GCC_PREPROCESSOR_DEFINITIONS = (
					"DEBUG=1",
					"$(inherited)",
				);
				GCC_WARN_64_TO_32_BIT_CONVERSION = YES;
				GCC_WARN_ABOUT_RETURN_TYPE = YES_ERROR;
				GCC_WARN_UNDECLARED_SELECTOR = YES;
				GCC_WARN_UNINITIALIZED_AUTOS = YES_AGGRESSIVE;
				GCC_WARN_UNUSED_FUNCTION = YES;
				GCC_WARN_UNUSED_VARIABLE = YES;
				IPHONEOS_DEPLOYMENT_TARGET = 14.1;
				MTL_ENABLE_DEBUG_INFO = INCLUDE_SOURCE;
				MTL_FAST_MATH = YES;
				ONLY_ACTIVE_ARCH = YES;
				SDKROOT = iphoneos;
				SWIFT_ACTIVE_COMPILATION_CONDITIONS = DEBUG;
				SWIFT_OPTIMIZATION_LEVEL = "-Onone";
			};
			name = Debug;
		};
		04646CD82590A0EA007FFED3 /* Release */ = {
			isa = XCBuildConfiguration;
			buildSettings = {
				ALWAYS_SEARCH_USER_PATHS = NO;
				CLANG_ANALYZER_NONNULL = YES;
				CLANG_ANALYZER_NUMBER_OBJECT_CONVERSION = YES_AGGRESSIVE;
				CLANG_CXX_LANGUAGE_STANDARD = "gnu++14";
				CLANG_CXX_LIBRARY = "libc++";
				CLANG_ENABLE_MODULES = YES;
				CLANG_ENABLE_OBJC_ARC = YES;
				CLANG_ENABLE_OBJC_WEAK = YES;
				CLANG_WARN_BLOCK_CAPTURE_AUTORELEASING = YES;
				CLANG_WARN_BOOL_CONVERSION = YES;
				CLANG_WARN_COMMA = YES;
				CLANG_WARN_CONSTANT_CONVERSION = YES;
				CLANG_WARN_DEPRECATED_OBJC_IMPLEMENTATIONS = YES;
				CLANG_WARN_DIRECT_OBJC_ISA_USAGE = YES_ERROR;
				CLANG_WARN_DOCUMENTATION_COMMENTS = YES;
				CLANG_WARN_EMPTY_BODY = YES;
				CLANG_WARN_ENUM_CONVERSION = YES;
				CLANG_WARN_INFINITE_RECURSION = YES;
				CLANG_WARN_INT_CONVERSION = YES;
				CLANG_WARN_NON_LITERAL_NULL_CONVERSION = YES;
				CLANG_WARN_OBJC_IMPLICIT_RETAIN_SELF = YES;
				CLANG_WARN_OBJC_LITERAL_CONVERSION = YES;
				CLANG_WARN_OBJC_ROOT_CLASS = YES_ERROR;
				CLANG_WARN_QUOTED_INCLUDE_IN_FRAMEWORK_HEADER = YES;
				CLANG_WARN_RANGE_LOOP_ANALYSIS = YES;
				CLANG_WARN_STRICT_PROTOTYPES = YES;
				CLANG_WARN_SUSPICIOUS_MOVE = YES;
				CLANG_WARN_UNGUARDED_AVAILABILITY = YES_AGGRESSIVE;
				CLANG_WARN_UNREACHABLE_CODE = YES;
				CLANG_WARN__DUPLICATE_METHOD_MATCH = YES;
				COPY_PHASE_STRIP = NO;
				DEBUG_INFORMATION_FORMAT = "dwarf-with-dsym";
				ENABLE_NS_ASSERTIONS = NO;
				ENABLE_STRICT_OBJC_MSGSEND = YES;
				GCC_C_LANGUAGE_STANDARD = gnu11;
				GCC_NO_COMMON_BLOCKS = YES;
				GCC_WARN_64_TO_32_BIT_CONVERSION = YES;
				GCC_WARN_ABOUT_RETURN_TYPE = YES_ERROR;
				GCC_WARN_UNDECLARED_SELECTOR = YES;
				GCC_WARN_UNINITIALIZED_AUTOS = YES_AGGRESSIVE;
				GCC_WARN_UNUSED_FUNCTION = YES;
				GCC_WARN_UNUSED_VARIABLE = YES;
				IPHONEOS_DEPLOYMENT_TARGET = 14.1;
				MTL_ENABLE_DEBUG_INFO = NO;
				MTL_FAST_MATH = YES;
				SDKROOT = iphoneos;
				SWIFT_COMPILATION_MODE = wholemodule;
				SWIFT_OPTIMIZATION_LEVEL = "-O";
				VALIDATE_PRODUCT = YES;
			};
			name = Release;
		};
		04646CDA2590A0EA007FFED3 /* Debug */ = {
			isa = XCBuildConfiguration;
			buildSettings = {
				ASSETCATALOG_COMPILER_APPICON_NAME = AppIcon;
				ASSETCATALOG_COMPILER_GLOBAL_ACCENT_COLOR_NAME = AccentColor;
				CODE_SIGN_STYLE = Automatic;
				DEVELOPMENT_TEAM = 4825PPV66L;
				INFOPLIST_FILE = SwiftFunctions/Info.plist;
				LD_RUNPATH_SEARCH_PATHS = (
					"$(inherited)",
					"@executable_path/Frameworks",
				);
				PRODUCT_BUNDLE_IDENTIFIER = com.test.SwiftFunctions;
				PRODUCT_NAME = "$(TARGET_NAME)";
				SWIFT_VERSION = 5.0;
				TARGETED_DEVICE_FAMILY = "1,2";
			};
			name = Debug;
		};
		04646CDB2590A0EA007FFED3 /* Release */ = {
			isa = XCBuildConfiguration;
			buildSettings = {
				ASSETCATALOG_COMPILER_APPICON_NAME = AppIcon;
				ASSETCATALOG_COMPILER_GLOBAL_ACCENT_COLOR_NAME = AccentColor;
				CODE_SIGN_STYLE = Automatic;
				DEVELOPMENT_TEAM = 4825PPV66L;
				INFOPLIST_FILE = SwiftFunctions/Info.plist;
				LD_RUNPATH_SEARCH_PATHS = (
					"$(inherited)",
					"@executable_path/Frameworks",
				);
				PRODUCT_BUNDLE_IDENTIFIER = com.test.SwiftFunctions;
				PRODUCT_NAME = "$(TARGET_NAME)";
				SWIFT_VERSION = 5.0;
				TARGETED_DEVICE_FAMILY = "1,2";
			};
			name = Release;
		};
/* End XCBuildConfiguration section */

/* Begin XCConfigurationList section */
		04646CC02590A0E7007FFED3 /* Build configuration list for PBXProject "SwiftFunctions" */ = {
			isa = XCConfigurationList;
			buildConfigurations = (
				04646CD72590A0EA007FFED3 /* Debug */,
				04646CD82590A0EA007FFED3 /* Release */,
			);
			defaultConfigurationIsVisible = 0;
			defaultConfigurationName = Release;
		};
		04646CD92590A0EA007FFED3 /* Build configuration list for PBXNativeTarget "SwiftFunctions" */ = {
			isa = XCConfigurationList;
			buildConfigurations = (
				04646CDA2590A0EA007FFED3 /* Debug */,
				04646CDB2590A0EA007FFED3 /* Release */,
			);
			defaultConfigurationIsVisible = 0;
			defaultConfigurationName = Release;
		};
/* End XCConfigurationList section */
	};
	rootObject = 04646CBD2590A0E7007FFED3 /* Project object */;
}
